speakeasyVersion: 1.592.2
sources:
    sudo-api:
        sourceNamespace: sudo-api
        sourceRevisionDigest: sha256:4e229668f92d6b486bcf50b3dc3272345a1e79f40d867a7afca878b6eb9656b7
        sourceBlobDigest: sha256:4f2cf6a61e08db6e602efc116cee10587250f5bcb6afcd12bffbaeb88700121a
        tags:
            - latest
            - 0.1.0
targets:
    sudo:
        source: sudo-api
        sourceNamespace: sudo-api
        sourceRevisionDigest: sha256:4e229668f92d6b486bcf50b3dc3272345a1e79f40d867a7afca878b6eb9656b7
        sourceBlobDigest: sha256:4f2cf6a61e08db6e602efc116cee10587250f5bcb6afcd12bffbaeb88700121a
        codeSamplesNamespace: sudo-api-typescript-code-samples
        codeSamplesRevisionDigest: sha256:5c54fb2bac2fec74486bb5c72e9995f3583b51116bb10095933f2c885e4b310c
workflow:
    workflowVersion: 1.0.0
    speakeasyVersion: latest
    sources:
        sudo-api:
            inputs:
                - location: ./openapi.json
            output: .speakeasy/out.openapi.yaml
            registry:
                location: registry.speakeasyapi.dev/sudo/sudo/sudo-api
    targets:
        sudo:
            target: typescript
            source: sudo-api
            codeSamples:
                registry:
                    location: registry.speakeasyapi.dev/sudo/sudo/sudo-api-typescript-code-samples
                labelOverride:
                    fixedValue: Typescript (SDK)
                blocking: false
