speakeasyVersion: 1.606.3
sources:
    sudo-api:
        sourceNamespace: sudo-api
        sourceRevisionDigest: sha256:bab3f7ad6b6bc603a4279d0f213bd244d735f0a871a27aa9984287d33147e23e
        sourceBlobDigest: sha256:bffe33b9ce554a7af152fb230f2f9d580b124a8994fc40c229f7eaeaa7570255
        tags:
            - latest
            - 0.1.0
targets:
    sudo:
        source: sudo-api
        sourceNamespace: sudo-api
        sourceRevisionDigest: sha256:bab3f7ad6b6bc603a4279d0f213bd244d735f0a871a27aa9984287d33147e23e
        sourceBlobDigest: sha256:bffe33b9ce554a7af152fb230f2f9d580b124a8994fc40c229f7eaeaa7570255
workflow:
    workflowVersion: 1.0.0
    speakeasyVersion: latest
    sources:
        sudo-api:
            inputs:
                - location: ./openapi.json
            output: .speakeasy/out.openapi.yaml
            registry:
                location: registry.speakeasyapi.dev/sudo/sudo/sudo-api
    targets:
        sudo:
            target: typescript
            source: sudo-api
            codeSamples:
                registry:
                    location: registry.speakeasyapi.dev/sudo/sudo/sudo-api-typescript-code-samples
                labelOverride:
                    fixedValue: Typescript (SDK)
                blocking: false
