speakeasyVersion: 1.590.0
sources:
    sudo-api:
        sourceNamespace: sudo-api
        sourceRevisionDigest: sha256:785a90de9d7e2ccd27892b32d0c99a9adc16f05257ef02326937683771d85fc1
        sourceBlobDigest: sha256:7ec00a27be867b2a7a1e2ea12e6e939a4e5028ee69a3d21cee1b4830fde2486e
        tags:
            - latest
            - 0.1.0
targets:
    sudo:
        source: sudo-api
        sourceNamespace: sudo-api
        sourceRevisionDigest: sha256:785a90de9d7e2ccd27892b32d0c99a9adc16f05257ef02326937683771d85fc1
        sourceBlobDigest: sha256:7ec00a27be867b2a7a1e2ea12e6e939a4e5028ee69a3d21cee1b4830fde2486e
        codeSamplesNamespace: sudo-api-typescript-code-samples
        codeSamplesRevisionDigest: sha256:ebd52150f0ba648533bc346596b76f72470da722c53921400663b1c9ff075c4e
workflow:
    workflowVersion: 1.0.0
    speakeasyVersion: latest
    sources:
        sudo-api:
            inputs:
                - location: ../openapi.json
            output: .speakeasy/out.openapi.yaml
            registry:
                location: registry.speakeasyapi.dev/sudo/sudo/sudo-api
    targets:
        sudo:
            target: typescript
            source: sudo-api
            codeSamples:
                registry:
                    location: registry.speakeasyapi.dev/sudo/sudo/sudo-api-typescript-code-samples
                labelOverride:
                    fixedValue: Typescript (SDK)
                blocking: false
